
Microsoft Visual Studio Solution File, Format Version 10.00
# Visual Studio 2008
Project("{FAE04EC0-301F-11D3-BF4B-00C04F79EFBC}") = "CritterCrawler", "CritterCrawler.csproj", "{9ECA02D7-FD71-4D30-8A1B-624F0785D0A0}"
EndProject
Global
	GlobalSection(SolutionConfigurationPlatforms) = preSolution
		Debug|x86 = Debug|x86
		Release|x86 = Release|x86
	EndGlobalSection
	GlobalSection(ProjectConfigurationPlatforms) = postSolution
		{9ECA02D7-FD71-4D30-8A1B-624F0785D0A0}.Debug|x86.ActiveCfg = Debug|x86
		{9ECA02D7-FD71-4D30-8A1B-624F0785D0A0}.Debug|x86.Build.0 = Debug|x86
		{9ECA02D7-FD71-4D30-8A1B-624F0785D0A0}.Release|x86.ActiveCfg = Release|x86
		{9ECA02D7-FD71-4D30-8A1B-624F0785D0A0}.Release|x86.Build.0 = Release|x86
	EndGlobalSection
	GlobalSection(MonoDevelopProperties) = preSolution
		StartupItem = CritterCrawler.csproj
	EndGlobalSection
EndGlobal
